
Microsoft Visual Studio Solution File, Format Version 12.00
# Visual Studio Version 16
VisualStudioVersion = 16.0.30717.126
MinimumVisualStudioVersion = 10.0.40219.1
Project("{FAE04EC0-301F-11D3-BF4B-00C04F79EFBC}") = "WcfClientProxyGenerator.Core", "WcfClientProxyGenerator.Core\WcfClientProxyGenerator.Core.csproj", "{BDBE6840-DD9B-4833-AC0C-55DF4B953978}"
EndProject
Project("{FAE04EC0-301F-11D3-BF4B-00C04F79EFBC}") = "WcfClientProxyGenerator.Core.Tests", "WcfClientProxyGenerator.Core.Tests\WcfClientProxyGenerator.Core.Tests.csproj", "{93C5AE03-D0DE-46EA-B4DC-8A734655ACD8}"
EndProject
Global
	GlobalSection(SolutionConfigurationPlatforms) = preSolution
		Debug|Any CPU = Debug|Any CPU
		Release|Any CPU = Release|Any CPU
	EndGlobalSection
	GlobalSection(ProjectConfigurationPlatforms) = postSolution
		{BDBE6840-DD9B-4833-AC0C-55DF4B953978}.Debug|Any CPU.ActiveCfg = Debug|Any CPU
		{BDBE6840-DD9B-4833-AC0C-55DF4B953978}.Debug|Any CPU.Build.0 = Debug|Any CPU
		{BDBE6840-DD9B-4833-AC0C-55DF4B953978}.Release|Any CPU.ActiveCfg = Release|Any CPU
		{BDBE6840-DD9B-4833-AC0C-55DF4B953978}.Release|Any CPU.Build.0 = Release|Any CPU
		{93C5AE03-D0DE-46EA-B4DC-8A734655ACD8}.Debug|Any CPU.ActiveCfg = Debug|Any CPU
		{93C5AE03-D0DE-46EA-B4DC-8A734655ACD8}.Debug|Any CPU.Build.0 = Debug|Any CPU
		{93C5AE03-D0DE-46EA-B4DC-8A734655ACD8}.Release|Any CPU.ActiveCfg = Release|Any CPU
		{93C5AE03-D0DE-46EA-B4DC-8A734655ACD8}.Release|Any CPU.Build.0 = Release|Any CPU
	EndGlobalSection
	GlobalSection(SolutionProperties) = preSolution
		HideSolutionNode = FALSE
	EndGlobalSection
	GlobalSection(ExtensibilityGlobals) = postSolution
		SolutionGuid = {2418284F-6539-4724-987F-3409F79E8E44}
	EndGlobalSection
EndGlobal
